
Microsoft Visual Studio Solution File, Format Version 11.00
# Visual C# Express 2010
Project("{FAE04EC0-301F-11D3-BF4B-00C04F79EFBC}") = "Noctua", "Noctua\Noctua.csproj", "{134195B7-639C-41D0-A9BF-0D4C141BED66}"
EndProject
Project("{FAE04EC0-301F-11D3-BF4B-00C04F79EFBC}") = "Libra", "..\Libra\Libra\Libra.csproj", "{BDCF4398-A4F9-48B0-BB3F-1B98CD3131B2}"
EndProject
Project("{FAE04EC0-301F-11D3-BF4B-00C04F79EFBC}") = "Libra.Games", "..\Libra\Libra.Games\Libra.Games.csproj", "{5FF1176C-7EA3-49A9-93D0-0868886FB9AF}"
EndProject
Project("{FAE04EC0-301F-11D3-BF4B-00C04F79EFBC}") = "Libra.Graphics", "..\Libra\Libra.Graphics\Libra.Graphics.csproj", "{CDFAB2B9-00DB-4719-B424-C2A973A7BC4C}"
EndProject
Project("{FAE04EC0-301F-11D3-BF4B-00C04F79EFBC}") = "Libra.Input", "..\Libra\Libra.Input\Libra.Input.csproj", "{EBCC5AFA-0E37-4863-B71E-2AC201CB2864}"
EndProject
Project("{FAE04EC0-301F-11D3-BF4B-00C04F79EFBC}") = "Libra.Logging", "..\Libra\Libra.Logging\Libra.Logging.csproj", "{52FBD629-EF0E-46AF-9933-A7A7094DCAE0}"
EndProject
Project("{FAE04EC0-301F-11D3-BF4B-00C04F79EFBC}") = "Libra.Audio", "..\Libra\Libra.Audio\Libra.Audio.csproj", "{CA60A550-13AF-4815-A9A4-73CA45D79958}"
EndProject
Project("{FAE04EC0-301F-11D3-BF4B-00C04F79EFBC}") = "Libra.IO", "..\Libra\Libra.IO\Libra.IO.csproj", "{2CE30D43-C0FE-4595-B2A4-36873946356C}"
EndProject
Project("{FAE04EC0-301F-11D3-BF4B-00C04F79EFBC}") = "Samples.AssetSerialization", "Samples\Samples.AssetSerialization\Samples.AssetSerialization.csproj", "{F01B29E4-E2B2-4EF4-A195-416B47DC2557}"
EndProject
Project("{FAE04EC0-301F-11D3-BF4B-00C04F79EFBC}") = "Pyxis", "..\Pyxis\Pyxis\Pyxis.csproj", "{0E7AB122-34DF-4AC3-B567-224A2D1358F8}"
EndProject
Project("{FAE04EC0-301F-11D3-BF4B-00C04F79EFBC}") = "Libra.Collections", "..\Libra\Libra.Collections\Libra.Collections.csproj", "{79116E63-224F-4271-905E-B08BF2B6DD9C}"
EndProject
Project("{FAE04EC0-301F-11D3-BF4B-00C04F79EFBC}") = "Libra.Graphics.Toolkit", "..\Libra\Libra.Graphics.Toolkit\Libra.Graphics.Toolkit.csproj", "{7E6353FF-27C2-48CB-B582-530450AF0553}"
EndProject
Project("{FAE04EC0-301F-11D3-BF4B-00C04F79EFBC}") = "Samples.BlockWorldGame", "Samples\Samples.BlockWorldGame\Samples.BlockWorldGame.csproj", "{9F74B79D-0210-48F6-B8AE-66B0007F9DD4}"
EndProject
Project("{FAE04EC0-301F-11D3-BF4B-00C04F79EFBC}") = "Samples.BlockWorldGameContent", "Samples\Samples.BlockWorldGameContent\Samples.BlockWorldGameContent.contentproj", "{60792FEE-9864-4A03-AC26-360966FE2316}"
EndProject
Project("{FAE04EC0-301F-11D3-BF4B-00C04F79EFBC}") = "Libra.Xnb", "..\Libra\Libra.Xnb\Libra.Xnb.csproj", "{B5CD652B-3769-4804-BA50-6A9A68E039BD}"
EndProject
Project("{FAE04EC0-301F-11D3-BF4B-00C04F79EFBC}") = "Libra.Graphics.SharpDX", "..\Libra\Libra.Graphics.SharpDX\Libra.Graphics.SharpDX.csproj", "{FAEE2668-AB77-477D-9405-26D59951501D}"
EndProject
Project("{FAE04EC0-301F-11D3-BF4B-00C04F79EFBC}") = "Libra.Games.Forms", "..\Libra\Libra.Games.Forms\Libra.Games.Forms.csproj", "{FEBB9768-3083-40C9-866C-C5314E1DDDF3}"
EndProject
Project("{FAE04EC0-301F-11D3-BF4B-00C04F79EFBC}") = "Libra.Input.Forms", "..\Libra\Libra.Input.Forms\Libra.Input.Forms.csproj", "{F9E7007E-C9BD-4C95-B9D8-8E50EDF6EAE5}"
EndProject
Project("{FAE04EC0-301F-11D3-BF4B-00C04F79EFBC}") = "Libra.Games.Forms.SharpDX", "..\Libra\Libra.Games.Forms.SharpDX\Libra.Games.Forms.SharpDX.csproj", "{18B2993B-626D-4337-91A2-ED0239B8D843}"
EndProject
Project("{FAE04EC0-301F-11D3-BF4B-00C04F79EFBC}") = "Libra.Games.Debugging", "..\Libra\Libra.Games.Debugging\Libra.Games.Debugging.csproj", "{49B9E5C6-208A-4EEF-BD7E-D4C109B21362}"
EndProject
Global
	GlobalSection(SolutionConfigurationPlatforms) = preSolution
		Debug|Any CPU = Debug|Any CPU
		Debug|Mixed Platforms = Debug|Mixed Platforms
		Debug|x86 = Debug|x86
		Release|Any CPU = Release|Any CPU
		Release|Mixed Platforms = Release|Mixed Platforms
		Release|x86 = Release|x86
	EndGlobalSection
	GlobalSection(ProjectConfigurationPlatforms) = postSolution
		{134195B7-639C-41D0-A9BF-0D4C141BED66}.Debug|Any CPU.ActiveCfg = Debug|Any CPU
		{134195B7-639C-41D0-A9BF-0D4C141BED66}.Debug|Any CPU.Build.0 = Debug|Any CPU
		{134195B7-639C-41D0-A9BF-0D4C141BED66}.Debug|Mixed Platforms.ActiveCfg = Debug|Any CPU
		{134195B7-639C-41D0-A9BF-0D4C141BED66}.Debug|Mixed Platforms.Build.0 = Debug|Any CPU
		{134195B7-639C-41D0-A9BF-0D4C141BED66}.Debug|x86.ActiveCfg = Debug|Any CPU
		{134195B7-639C-41D0-A9BF-0D4C141BED66}.Release|Any CPU.ActiveCfg = Release|Any CPU
		{134195B7-639C-41D0-A9BF-0D4C141BED66}.Release|Any CPU.Build.0 = Release|Any CPU
		{134195B7-639C-41D0-A9BF-0D4C141BED66}.Release|Mixed Platforms.ActiveCfg = Release|Any CPU
		{134195B7-639C-41D0-A9BF-0D4C141BED66}.Release|Mixed Platforms.Build.0 = Release|Any CPU
		{134195B7-639C-41D0-A9BF-0D4C141BED66}.Release|x86.ActiveCfg = Release|Any CPU
		{BDCF4398-A4F9-48B0-BB3F-1B98CD3131B2}.Debug|Any CPU.ActiveCfg = Debug|Any CPU
		{BDCF4398-A4F9-48B0-BB3F-1B98CD3131B2}.Debug|Any CPU.Build.0 = Debug|Any CPU
		{BDCF4398-A4F9-48B0-BB3F-1B98CD3131B2}.Debug|Mixed Platforms.ActiveCfg = Debug|Any CPU
		{BDCF4398-A4F9-48B0-BB3F-1B98CD3131B2}.Debug|Mixed Platforms.Build.0 = Debug|Any CPU
		{BDCF4398-A4F9-48B0-BB3F-1B98CD3131B2}.Debug|x86.ActiveCfg = Debug|Any CPU
		{BDCF4398-A4F9-48B0-BB3F-1B98CD3131B2}.Release|Any CPU.ActiveCfg = Release|Any CPU
		{BDCF4398-A4F9-48B0-BB3F-1B98CD3131B2}.Release|Any CPU.Build.0 = Release|Any CPU
		{BDCF4398-A4F9-48B0-BB3F-1B98CD3131B2}.Release|Mixed Platforms.ActiveCfg = Release|Any CPU
		{BDCF4398-A4F9-48B0-BB3F-1B98CD3131B2}.Release|Mixed Platforms.Build.0 = Release|Any CPU
		{BDCF4398-A4F9-48B0-BB3F-1B98CD3131B2}.Release|x86.ActiveCfg = Release|Any CPU
		{5FF1176C-7EA3-49A9-93D0-0868886FB9AF}.Debug|Any CPU.ActiveCfg = Debug|Any CPU
		{5FF1176C-7EA3-49A9-93D0-0868886FB9AF}.Debug|Any CPU.Build.0 = Debug|Any CPU
		{5FF1176C-7EA3-49A9-93D0-0868886FB9AF}.Debug|Mixed Platforms.ActiveCfg = Debug|Any CPU
		{5FF1176C-7EA3-49A9-93D0-0868886FB9AF}.Debug|Mixed Platforms.Build.0 = Debug|Any CPU
		{5FF1176C-7EA3-49A9-93D0-0868886FB9AF}.Debug|x86.ActiveCfg = Debug|Any CPU
		{5FF1176C-7EA3-49A9-93D0-0868886FB9AF}.Release|Any CPU.ActiveCfg = Release|Any CPU
		{5FF1176C-7EA3-49A9-93D0-0868886FB9AF}.Release|Any CPU.Build.0 = Release|Any CPU
		{5FF1176C-7EA3-49A9-93D0-0868886FB9AF}.Release|Mixed Platforms.ActiveCfg = Release|Any CPU
		{5FF1176C-7EA3-49A9-93D0-0868886FB9AF}.Release|Mixed Platforms.Build.0 = Release|Any CPU
		{5FF1176C-7EA3-49A9-93D0-0868886FB9AF}.Release|x86.ActiveCfg = Release|Any CPU
		{CDFAB2B9-00DB-4719-B424-C2A973A7BC4C}.Debug|Any CPU.ActiveCfg = Debug|Any CPU
		{CDFAB2B9-00DB-4719-B424-C2A973A7BC4C}.Debug|Any CPU.Build.0 = Debug|Any CPU
		{CDFAB2B9-00DB-4719-B424-C2A973A7BC4C}.Debug|Mixed Platforms.ActiveCfg = Debug|Any CPU
		{CDFAB2B9-00DB-4719-B424-C2A973A7BC4C}.Debug|Mixed Platforms.Build.0 = Debug|Any CPU
		{CDFAB2B9-00DB-4719-B424-C2A973A7BC4C}.Debug|x86.ActiveCfg = Debug|Any CPU
		{CDFAB2B9-00DB-4719-B424-C2A973A7BC4C}.Release|Any CPU.ActiveCfg = Release|Any CPU
		{CDFAB2B9-00DB-4719-B424-C2A973A7BC4C}.Release|Any CPU.Build.0 = Release|Any CPU
		{CDFAB2B9-00DB-4719-B424-C2A973A7BC4C}.Release|Mixed Platforms.ActiveCfg = Release|Any CPU
		{CDFAB2B9-00DB-4719-B424-C2A973A7BC4C}.Release|Mixed Platforms.Build.0 = Release|Any CPU
		{CDFAB2B9-00DB-4719-B424-C2A973A7BC4C}.Release|x86.ActiveCfg = Release|Any CPU
		{EBCC5AFA-0E37-4863-B71E-2AC201CB2864}.Debug|Any CPU.ActiveCfg = Debug|Any CPU
		{EBCC5AFA-0E37-4863-B71E-2AC201CB2864}.Debug|Any CPU.Build.0 = Debug|Any CPU
		{EBCC5AFA-0E37-4863-B71E-2AC201CB2864}.Debug|Mixed Platforms.ActiveCfg = Debug|Any CPU
		{EBCC5AFA-0E37-4863-B71E-2AC201CB2864}.Debug|Mixed Platforms.Build.0 = Debug|Any CPU
		{EBCC5AFA-0E37-4863-B71E-2AC201CB2864}.Debug|x86.ActiveCfg = Debug|Any CPU
		{EBCC5AFA-0E37-4863-B71E-2AC201CB2864}.Release|Any CPU.ActiveCfg = Release|Any CPU
		{EBCC5AFA-0E37-4863-B71E-2AC201CB2864}.Release|Any CPU.Build.0 = Release|Any CPU
		{EBCC5AFA-0E37-4863-B71E-2AC201CB2864}.Release|Mixed Platforms.ActiveCfg = Release|Any CPU
		{EBCC5AFA-0E37-4863-B71E-2AC201CB2864}.Release|Mixed Platforms.Build.0 = Release|Any CPU
		{EBCC5AFA-0E37-4863-B71E-2AC201CB2864}.Release|x86.ActiveCfg = Release|Any CPU
		{52FBD629-EF0E-46AF-9933-A7A7094DCAE0}.Debug|Any CPU.ActiveCfg = Debug|Any CPU
		{52FBD629-EF0E-46AF-9933-A7A7094DCAE0}.Debug|Any CPU.Build.0 = Debug|Any CPU
		{52FBD629-EF0E-46AF-9933-A7A7094DCAE0}.Debug|Mixed Platforms.ActiveCfg = Debug|Any CPU
		{52FBD629-EF0E-46AF-9933-A7A7094DCAE0}.Debug|Mixed Platforms.Build.0 = Debug|Any CPU
		{52FBD629-EF0E-46AF-9933-A7A7094DCAE0}.Debug|x86.ActiveCfg = Debug|Any CPU
		{52FBD629-EF0E-46AF-9933-A7A7094DCAE0}.Release|Any CPU.ActiveCfg = Release|Any CPU
		{52FBD629-EF0E-46AF-9933-A7A7094DCAE0}.Release|Any CPU.Build.0 = Release|Any CPU
		{52FBD629-EF0E-46AF-9933-A7A7094DCAE0}.Release|Mixed Platforms.ActiveCfg = Release|Any CPU
		{52FBD629-EF0E-46AF-9933-A7A7094DCAE0}.Release|Mixed Platforms.Build.0 = Release|Any CPU
		{52FBD629-EF0E-46AF-9933-A7A7094DCAE0}.Release|x86.ActiveCfg = Release|Any CPU
		{CA60A550-13AF-4815-A9A4-73CA45D79958}.Debug|Any CPU.ActiveCfg = Debug|Any CPU
		{CA60A550-13AF-4815-A9A4-73CA45D79958}.Debug|Any CPU.Build.0 = Debug|Any CPU
		{CA60A550-13AF-4815-A9A4-73CA45D79958}.Debug|Mixed Platforms.ActiveCfg = Debug|Any CPU
		{CA60A550-13AF-4815-A9A4-73CA45D79958}.Debug|Mixed Platforms.Build.0 = Debug|Any CPU
		{CA60A550-13AF-4815-A9A4-73CA45D79958}.Debug|x86.ActiveCfg = Debug|Any CPU
		{CA60A550-13AF-4815-A9A4-73CA45D79958}.Release|Any CPU.ActiveCfg = Release|Any CPU
		{CA60A550-13AF-4815-A9A4-73CA45D79958}.Release|Any CPU.Build.0 = Release|Any CPU
		{CA60A550-13AF-4815-A9A4-73CA45D79958}.Release|Mixed Platforms.ActiveCfg = Release|Any CPU
		{CA60A550-13AF-4815-A9A4-73CA45D79958}.Release|Mixed Platforms.Build.0 = Release|Any CPU
		{CA60A550-13AF-4815-A9A4-73CA45D79958}.Release|x86.ActiveCfg = Release|Any CPU
		{2CE30D43-C0FE-4595-B2A4-36873946356C}.Debug|Any CPU.ActiveCfg = Debug|Any CPU
		{2CE30D43-C0FE-4595-B2A4-36873946356C}.Debug|Any CPU.Build.0 = Debug|Any CPU
		{2CE30D43-C0FE-4595-B2A4-36873946356C}.Debug|Mixed Platforms.ActiveCfg = Debug|Any CPU
		{2CE30D43-C0FE-4595-B2A4-36873946356C}.Debug|Mixed Platforms.Build.0 = Debug|Any CPU
		{2CE30D43-C0FE-4595-B2A4-36873946356C}.Debug|x86.ActiveCfg = Debug|Any CPU
		{2CE30D43-C0FE-4595-B2A4-36873946356C}.Release|Any CPU.ActiveCfg = Release|Any CPU
		{2CE30D43-C0FE-4595-B2A4-36873946356C}.Release|Any CPU.Build.0 = Release|Any CPU
		{2CE30D43-C0FE-4595-B2A4-36873946356C}.Release|Mixed Platforms.ActiveCfg = Release|Any CPU
		{2CE30D43-C0FE-4595-B2A4-36873946356C}.Release|Mixed Platforms.Build.0 = Release|Any CPU
		{2CE30D43-C0FE-4595-B2A4-36873946356C}.Release|x86.ActiveCfg = Release|Any CPU
		{F01B29E4-E2B2-4EF4-A195-416B47DC2557}.Debug|Any CPU.ActiveCfg = Debug|x86
		{F01B29E4-E2B2-4EF4-A195-416B47DC2557}.Debug|Mixed Platforms.ActiveCfg = Debug|x86
		{F01B29E4-E2B2-4EF4-A195-416B47DC2557}.Debug|Mixed Platforms.Build.0 = Debug|x86
		{F01B29E4-E2B2-4EF4-A195-416B47DC2557}.Debug|x86.ActiveCfg = Debug|x86
		{F01B29E4-E2B2-4EF4-A195-416B47DC2557}.Debug|x86.Build.0 = Debug|x86
		{F01B29E4-E2B2-4EF4-A195-416B47DC2557}.Release|Any CPU.ActiveCfg = Release|x86
		{F01B29E4-E2B2-4EF4-A195-416B47DC2557}.Release|Mixed Platforms.ActiveCfg = Release|x86
		{F01B29E4-E2B2-4EF4-A195-416B47DC2557}.Release|Mixed Platforms.Build.0 = Release|x86
		{F01B29E4-E2B2-4EF4-A195-416B47DC2557}.Release|x86.ActiveCfg = Release|x86
		{F01B29E4-E2B2-4EF4-A195-416B47DC2557}.Release|x86.Build.0 = Release|x86
		{0E7AB122-34DF-4AC3-B567-224A2D1358F8}.Debug|Any CPU.ActiveCfg = Debug|Any CPU
		{0E7AB122-34DF-4AC3-B567-224A2D1358F8}.Debug|Any CPU.Build.0 = Debug|Any CPU
		{0E7AB122-34DF-4AC3-B567-224A2D1358F8}.Debug|Mixed Platforms.ActiveCfg = Debug|Any CPU
		{0E7AB122-34DF-4AC3-B567-224A2D1358F8}.Debug|Mixed Platforms.Build.0 = Debug|Any CPU
		{0E7AB122-34DF-4AC3-B567-224A2D1358F8}.Debug|x86.ActiveCfg = Debug|Any CPU
		{0E7AB122-34DF-4AC3-B567-224A2D1358F8}.Release|Any CPU.ActiveCfg = Release|Any CPU
		{0E7AB122-34DF-4AC3-B567-224A2D1358F8}.Release|Any CPU.Build.0 = Release|Any CPU
		{0E7AB122-34DF-4AC3-B567-224A2D1358F8}.Release|Mixed Platforms.ActiveCfg = Release|Any CPU
		{0E7AB122-34DF-4AC3-B567-224A2D1358F8}.Release|Mixed Platforms.Build.0 = Release|Any CPU
		{0E7AB122-34DF-4AC3-B567-224A2D1358F8}.Release|x86.ActiveCfg = Release|Any CPU
		{79116E63-224F-4271-905E-B08BF2B6DD9C}.Debug|Any CPU.ActiveCfg = Debug|Any CPU
		{79116E63-224F-4271-905E-B08BF2B6DD9C}.Debug|Any CPU.Build.0 = Debug|Any CPU
		{79116E63-224F-4271-905E-B08BF2B6DD9C}.Debug|Mixed Platforms.ActiveCfg = Debug|Any CPU
		{79116E63-224F-4271-905E-B08BF2B6DD9C}.Debug|Mixed Platforms.Build.0 = Debug|Any CPU
		{79116E63-224F-4271-905E-B08BF2B6DD9C}.Debug|x86.ActiveCfg = Debug|Any CPU
		{79116E63-224F-4271-905E-B08BF2B6DD9C}.Release|Any CPU.ActiveCfg = Release|Any CPU
		{79116E63-224F-4271-905E-B08BF2B6DD9C}.Release|Any CPU.Build.0 = Release|Any CPU
		{79116E63-224F-4271-905E-B08BF2B6DD9C}.Release|Mixed Platforms.ActiveCfg = Release|Any CPU
		{79116E63-224F-4271-905E-B08BF2B6DD9C}.Release|Mixed Platforms.Build.0 = Release|Any CPU
		{79116E63-224F-4271-905E-B08BF2B6DD9C}.Release|x86.ActiveCfg = Release|Any CPU
		{7E6353FF-27C2-48CB-B582-530450AF0553}.Debug|Any CPU.ActiveCfg = Debug|Any CPU
		{7E6353FF-27C2-48CB-B582-530450AF0553}.Debug|Any CPU.Build.0 = Debug|Any CPU
		{7E6353FF-27C2-48CB-B582-530450AF0553}.Debug|Mixed Platforms.ActiveCfg = Debug|Any CPU
		{7E6353FF-27C2-48CB-B582-530450AF0553}.Debug|Mixed Platforms.Build.0 = Debug|Any CPU
		{7E6353FF-27C2-48CB-B582-530450AF0553}.Debug|x86.ActiveCfg = Debug|Any CPU
		{7E6353FF-27C2-48CB-B582-530450AF0553}.Release|Any CPU.ActiveCfg = Release|Any CPU
		{7E6353FF-27C2-48CB-B582-530450AF0553}.Release|Any CPU.Build.0 = Release|Any CPU
		{7E6353FF-27C2-48CB-B582-530450AF0553}.Release|Mixed Platforms.ActiveCfg = Release|Any CPU
		{7E6353FF-27C2-48CB-B582-530450AF0553}.Release|Mixed Platforms.Build.0 = Release|Any CPU
		{7E6353FF-27C2-48CB-B582-530450AF0553}.Release|x86.ActiveCfg = Release|Any CPU
		{9F74B79D-0210-48F6-B8AE-66B0007F9DD4}.Debug|Any CPU.ActiveCfg = Debug|x86
		{9F74B79D-0210-48F6-B8AE-66B0007F9DD4}.Debug|Mixed Platforms.ActiveCfg = Debug|x86
		{9F74B79D-0210-48F6-B8AE-66B0007F9DD4}.Debug|Mixed Platforms.Build.0 = Debug|x86
		{9F74B79D-0210-48F6-B8AE-66B0007F9DD4}.Debug|x86.ActiveCfg = Debug|x86
		{9F74B79D-0210-48F6-B8AE-66B0007F9DD4}.Debug|x86.Build.0 = Debug|x86
		{9F74B79D-0210-48F6-B8AE-66B0007F9DD4}.Release|Any CPU.ActiveCfg = Release|x86
		{9F74B79D-0210-48F6-B8AE-66B0007F9DD4}.Release|Mixed Platforms.ActiveCfg = Release|x86
		{9F74B79D-0210-48F6-B8AE-66B0007F9DD4}.Release|Mixed Platforms.Build.0 = Release|x86
		{9F74B79D-0210-48F6-B8AE-66B0007F9DD4}.Release|x86.ActiveCfg = Release|x86
		{9F74B79D-0210-48F6-B8AE-66B0007F9DD4}.Release|x86.Build.0 = Release|x86
		{60792FEE-9864-4A03-AC26-360966FE2316}.Debug|Any CPU.ActiveCfg = Debug|Any CPU
		{60792FEE-9864-4A03-AC26-360966FE2316}.Debug|Mixed Platforms.ActiveCfg = Debug|Any CPU
		{60792FEE-9864-4A03-AC26-360966FE2316}.Debug|x86.ActiveCfg = Debug|Any CPU
		{60792FEE-9864-4A03-AC26-360966FE2316}.Release|Any CPU.ActiveCfg = Debug|Any CPU
		{60792FEE-9864-4A03-AC26-360966FE2316}.Release|Mixed Platforms.ActiveCfg = Debug|Any CPU
		{60792FEE-9864-4A03-AC26-360966FE2316}.Release|x86.ActiveCfg = Debug|Any CPU
		{B5CD652B-3769-4804-BA50-6A9A68E039BD}.Debug|Any CPU.ActiveCfg = Debug|Any CPU
		{B5CD652B-3769-4804-BA50-6A9A68E039BD}.Debug|Any CPU.Build.0 = Debug|Any CPU
		{B5CD652B-3769-4804-BA50-6A9A68E039BD}.Debug|Mixed Platforms.ActiveCfg = Debug|Any CPU
		{B5CD652B-3769-4804-BA50-6A9A68E039BD}.Debug|Mixed Platforms.Build.0 = Debug|Any CPU
		{B5CD652B-3769-4804-BA50-6A9A68E039BD}.Debug|x86.ActiveCfg = Debug|Any CPU
		{B5CD652B-3769-4804-BA50-6A9A68E039BD}.Release|Any CPU.ActiveCfg = Release|Any CPU
		{B5CD652B-3769-4804-BA50-6A9A68E039BD}.Release|Any CPU.Build.0 = Release|Any CPU
		{B5CD652B-3769-4804-BA50-6A9A68E039BD}.Release|Mixed Platforms.ActiveCfg = Release|Any CPU
		{B5CD652B-3769-4804-BA50-6A9A68E039BD}.Release|Mixed Platforms.Build.0 = Release|Any CPU
		{B5CD652B-3769-4804-BA50-6A9A68E039BD}.Release|x86.ActiveCfg = Release|Any CPU
		{FAEE2668-AB77-477D-9405-26D59951501D}.Debug|Any CPU.ActiveCfg = Debug|Any CPU
		{FAEE2668-AB77-477D-9405-26D59951501D}.Debug|Any CPU.Build.0 = Debug|Any CPU
		{FAEE2668-AB77-477D-9405-26D59951501D}.Debug|Mixed Platforms.ActiveCfg = Debug|Any CPU
		{FAEE2668-AB77-477D-9405-26D59951501D}.Debug|Mixed Platforms.Build.0 = Debug|Any CPU
		{FAEE2668-AB77-477D-9405-26D59951501D}.Debug|x86.ActiveCfg = Debug|Any CPU
		{FAEE2668-AB77-477D-9405-26D59951501D}.Release|Any CPU.ActiveCfg = Release|Any CPU
		{FAEE2668-AB77-477D-9405-26D59951501D}.Release|Any CPU.Build.0 = Release|Any CPU
		{FAEE2668-AB77-477D-9405-26D59951501D}.Release|Mixed Platforms.ActiveCfg = Release|Any CPU
		{FAEE2668-AB77-477D-9405-26D59951501D}.Release|Mixed Platforms.Build.0 = Release|Any CPU
		{FAEE2668-AB77-477D-9405-26D59951501D}.Release|x86.ActiveCfg = Release|Any CPU
		{FEBB9768-3083-40C9-866C-C5314E1DDDF3}.Debug|Any CPU.ActiveCfg = Debug|Any CPU
		{FEBB9768-3083-40C9-866C-C5314E1DDDF3}.Debug|Any CPU.Build.0 = Debug|Any CPU
		{FEBB9768-3083-40C9-866C-C5314E1DDDF3}.Debug|Mixed Platforms.ActiveCfg = Debug|Any CPU
		{FEBB9768-3083-40C9-866C-C5314E1DDDF3}.Debug|Mixed Platforms.Build.0 = Debug|Any CPU
		{FEBB9768-3083-40C9-866C-C5314E1DDDF3}.Debug|x86.ActiveCfg = Debug|Any CPU
		{FEBB9768-3083-40C9-866C-C5314E1DDDF3}.Release|Any CPU.ActiveCfg = Release|Any CPU
		{FEBB9768-3083-40C9-866C-C5314E1DDDF3}.Release|Any CPU.Build.0 = Release|Any CPU
		{FEBB9768-3083-40C9-866C-C5314E1DDDF3}.Release|Mixed Platforms.ActiveCfg = Release|Any CPU
		{FEBB9768-3083-40C9-866C-C5314E1DDDF3}.Release|Mixed Platforms.Build.0 = Release|Any CPU
		{FEBB9768-3083-40C9-866C-C5314E1DDDF3}.Release|x86.ActiveCfg = Release|Any CPU
		{F9E7007E-C9BD-4C95-B9D8-8E50EDF6EAE5}.Debug|Any CPU.ActiveCfg = Debug|Any CPU
		{F9E7007E-C9BD-4C95-B9D8-8E50EDF6EAE5}.Debug|Any CPU.Build.0 = Debug|Any CPU
		{F9E7007E-C9BD-4C95-B9D8-8E50EDF6EAE5}.Debug|Mixed Platforms.ActiveCfg = Debug|Any CPU
		{F9E7007E-C9BD-4C95-B9D8-8E50EDF6EAE5}.Debug|Mixed Platforms.Build.0 = Debug|Any CPU
		{F9E7007E-C9BD-4C95-B9D8-8E50EDF6EAE5}.Debug|x86.ActiveCfg = Debug|Any CPU
		{F9E7007E-C9BD-4C95-B9D8-8E50EDF6EAE5}.Release|Any CPU.ActiveCfg = Release|Any CPU
		{F9E7007E-C9BD-4C95-B9D8-8E50EDF6EAE5}.Release|Any CPU.Build.0 = Release|Any CPU
		{F9E7007E-C9BD-4C95-B9D8-8E50EDF6EAE5}.Release|Mixed Platforms.ActiveCfg = Release|Any CPU
		{F9E7007E-C9BD-4C95-B9D8-8E50EDF6EAE5}.Release|Mixed Platforms.Build.0 = Release|Any CPU
		{F9E7007E-C9BD-4C95-B9D8-8E50EDF6EAE5}.Release|x86.ActiveCfg = Release|Any CPU
		{18B2993B-626D-4337-91A2-ED0239B8D843}.Debug|Any CPU.ActiveCfg = Debug|Any CPU
		{18B2993B-626D-4337-91A2-ED0239B8D843}.Debug|Any CPU.Build.0 = Debug|Any CPU
		{18B2993B-626D-4337-91A2-ED0239B8D843}.Debug|Mixed Platforms.ActiveCfg = Debug|Any CPU
		{18B2993B-626D-4337-91A2-ED0239B8D843}.Debug|Mixed Platforms.Build.0 = Debug|Any CPU
		{18B2993B-626D-4337-91A2-ED0239B8D843}.Debug|x86.ActiveCfg = Debug|Any CPU
		{18B2993B-626D-4337-91A2-ED0239B8D843}.Release|Any CPU.ActiveCfg = Release|Any CPU
		{18B2993B-626D-4337-91A2-ED0239B8D843}.Release|Any CPU.Build.0 = Release|Any CPU
		{18B2993B-626D-4337-91A2-ED0239B8D843}.Release|Mixed Platforms.ActiveCfg = Release|Any CPU
		{18B2993B-626D-4337-91A2-ED0239B8D843}.Release|Mixed Platforms.Build.0 = Release|Any CPU
		{18B2993B-626D-4337-91A2-ED0239B8D843}.Release|x86.ActiveCfg = Release|Any CPU
		{49B9E5C6-208A-4EEF-BD7E-D4C109B21362}.Debug|Any CPU.ActiveCfg = Debug|Any CPU
		{49B9E5C6-208A-4EEF-BD7E-D4C109B21362}.Debug|Any CPU.Build.0 = Debug|Any CPU
		{49B9E5C6-208A-4EEF-BD7E-D4C109B21362}.Debug|Mixed Platforms.ActiveCfg = Debug|Any CPU
		{49B9E5C6-208A-4EEF-BD7E-D4C109B21362}.Debug|Mixed Platforms.Build.0 = Debug|Any CPU
		{49B9E5C6-208A-4EEF-BD7E-D4C109B21362}.Debug|x86.ActiveCfg = Debug|Any CPU
		{49B9E5C6-208A-4EEF-BD7E-D4C109B21362}.Release|Any CPU.ActiveCfg = Release|Any CPU
		{49B9E5C6-208A-4EEF-BD7E-D4C109B21362}.Release|Any CPU.Build.0 = Release|Any CPU
		{49B9E5C6-208A-4EEF-BD7E-D4C109B21362}.Release|Mixed Platforms.ActiveCfg = Release|Any CPU
		{49B9E5C6-208A-4EEF-BD7E-D4C109B21362}.Release|Mixed Platforms.Build.0 = Release|Any CPU
		{49B9E5C6-208A-4EEF-BD7E-D4C109B21362}.Release|x86.ActiveCfg = Release|Any CPU
	EndGlobalSection
	GlobalSection(SolutionProperties) = preSolution
		HideSolutionNode = FALSE
	EndGlobalSection
EndGlobal
